
Microsoft Visual Studio Solution File, Format Version 12.00
# Visual Studio Version 16
VisualStudioVersion = 16.0.30523.141
MinimumVisualStudioVersion = 10.0.40219.1
Project("{FAE04EC0-301F-11D3-BF4B-00C04F79EFBC}") = "WinDo.Model", "WinDo.Model\WinDo.Model.csproj", "{DDBEB638-2007-4988-82FB-30A90CE167BD}"
EndProject
Project("{FAE04EC0-301F-11D3-BF4B-00C04F79EFBC}") = "WinDo.Utilities", "WinDo.Utilities\WinDo.Utilities.csproj", "{0945DC48-DD05-4439-A396-13BF54C9725A}"
EndProject
Project("{2150E333-8FDC-42A3-9474-1A3956D46DE8}") = "02.MODEL(实体层)", "02.MODEL(实体层)", "{709907E9-DDD3-4FFB-9917-807EE289CD31}"
EndProject
Project("{2150E333-8FDC-42A3-9474-1A3956D46DE8}") = "03.UI(用户界面层)", "03.UI(用户界面层)", "{45F0807D-639E-42A7-88E6-2220E75AB976}"
EndProject
Project("{2150E333-8FDC-42A3-9474-1A3956D46DE8}") = "01.Utilities(公共层)", "01.Utilities(公共层)", "{96EA2233-DEB4-40C0-B06B-004577F05377}"
EndProject
Project("{FAE04EC0-301F-11D3-BF4B-00C04F79EFBC}") = "WinDoControls", "WinDoControls\WinDoControls.csproj", "{AF32E163-C577-4CBC-A072-0DC1CE0E1DA3}"
EndProject
Project("{FAE04EC0-301F-11D3-BF4B-00C04F79EFBC}") = "WinDo.UI.Utilities", "WinDo.UI.Utilities\WinDo.UI.Utilities.csproj", "{A5876863-7470-41CA-9CB0-D808CD1E18E0}"
EndProject
Project("{FAE04EC0-301F-11D3-BF4B-00C04F79EFBC}") = "WinDo.UI.Call", "WinDo.UI.Call\WinDo.UI.Call.csproj", "{AFAC58A2-B96F-4C73-9361-36487A007AB6}"
EndProject
Project("{FAE04EC0-301F-11D3-BF4B-00C04F79EFBC}") = "WinDo.UI.Manage", "WinDo.UI.Manage\WinDo.UI.Manage.csproj", "{1234C10D-A4E0-4FBD-83D5-BFA773B4324C}"
EndProject
Project("{FAE04EC0-301F-11D3-BF4B-00C04F79EFBC}") = "WinDo.UI.Main", "WinDo.UI.Main\WinDo.UI.Main.csproj", "{0FAC3B2B-89CF-40B9-9014-377F3CFEF1F1}"
EndProject
Global
	GlobalSection(SolutionConfigurationPlatforms) = preSolution
		Debug|Any CPU = Debug|Any CPU
		Debug|x64 = Debug|x64
		Debug|x86 = Debug|x86
		Release|Any CPU = Release|Any CPU
		Release|x64 = Release|x64
		Release|x86 = Release|x86
	EndGlobalSection
	GlobalSection(ProjectConfigurationPlatforms) = postSolution
		{DDBEB638-2007-4988-82FB-30A90CE167BD}.Debug|Any CPU.ActiveCfg = Debug|Any CPU
		{DDBEB638-2007-4988-82FB-30A90CE167BD}.Debug|Any CPU.Build.0 = Debug|Any CPU
		{DDBEB638-2007-4988-82FB-30A90CE167BD}.Debug|x64.ActiveCfg = Debug|x64
		{DDBEB638-2007-4988-82FB-30A90CE167BD}.Debug|x64.Build.0 = Debug|x64
		{DDBEB638-2007-4988-82FB-30A90CE167BD}.Debug|x86.ActiveCfg = Debug|x86
		{DDBEB638-2007-4988-82FB-30A90CE167BD}.Debug|x86.Build.0 = Debug|x86
		{DDBEB638-2007-4988-82FB-30A90CE167BD}.Release|Any CPU.ActiveCfg = Release|Any CPU
		{DDBEB638-2007-4988-82FB-30A90CE167BD}.Release|Any CPU.Build.0 = Release|Any CPU
		{DDBEB638-2007-4988-82FB-30A90CE167BD}.Release|x64.ActiveCfg = Release|x64
		{DDBEB638-2007-4988-82FB-30A90CE167BD}.Release|x64.Build.0 = Release|x64
		{DDBEB638-2007-4988-82FB-30A90CE167BD}.Release|x86.ActiveCfg = Release|x86
		{DDBEB638-2007-4988-82FB-30A90CE167BD}.Release|x86.Build.0 = Release|x86
		{0945DC48-DD05-4439-A396-13BF54C9725A}.Debug|Any CPU.ActiveCfg = Debug|Any CPU
		{0945DC48-DD05-4439-A396-13BF54C9725A}.Debug|Any CPU.Build.0 = Debug|Any CPU
		{0945DC48-DD05-4439-A396-13BF54C9725A}.Debug|x64.ActiveCfg = Debug|x64
		{0945DC48-DD05-4439-A396-13BF54C9725A}.Debug|x64.Build.0 = Debug|x64
		{0945DC48-DD05-4439-A396-13BF54C9725A}.Debug|x86.ActiveCfg = Debug|x86
		{0945DC48-DD05-4439-A396-13BF54C9725A}.Debug|x86.Build.0 = Debug|x86
		{0945DC48-DD05-4439-A396-13BF54C9725A}.Release|Any CPU.ActiveCfg = Release|Any CPU
		{0945DC48-DD05-4439-A396-13BF54C9725A}.Release|Any CPU.Build.0 = Release|Any CPU
		{0945DC48-DD05-4439-A396-13BF54C9725A}.Release|x64.ActiveCfg = Release|x64
		{0945DC48-DD05-4439-A396-13BF54C9725A}.Release|x64.Build.0 = Release|x64
		{0945DC48-DD05-4439-A396-13BF54C9725A}.Release|x86.ActiveCfg = Release|x86
		{0945DC48-DD05-4439-A396-13BF54C9725A}.Release|x86.Build.0 = Release|x86
		{AF32E163-C577-4CBC-A072-0DC1CE0E1DA3}.Debug|Any CPU.ActiveCfg = Debug|Any CPU
		{AF32E163-C577-4CBC-A072-0DC1CE0E1DA3}.Debug|Any CPU.Build.0 = Debug|Any CPU
		{AF32E163-C577-4CBC-A072-0DC1CE0E1DA3}.Debug|x64.ActiveCfg = Debug|x64
		{AF32E163-C577-4CBC-A072-0DC1CE0E1DA3}.Debug|x64.Build.0 = Debug|x64
		{AF32E163-C577-4CBC-A072-0DC1CE0E1DA3}.Debug|x86.ActiveCfg = Debug|x86
		{AF32E163-C577-4CBC-A072-0DC1CE0E1DA3}.Debug|x86.Build.0 = Debug|x86
		{AF32E163-C577-4CBC-A072-0DC1CE0E1DA3}.Release|Any CPU.ActiveCfg = Release|Any CPU
		{AF32E163-C577-4CBC-A072-0DC1CE0E1DA3}.Release|Any CPU.Build.0 = Release|Any CPU
		{AF32E163-C577-4CBC-A072-0DC1CE0E1DA3}.Release|x64.ActiveCfg = Release|x64
		{AF32E163-C577-4CBC-A072-0DC1CE0E1DA3}.Release|x64.Build.0 = Release|x64
		{AF32E163-C577-4CBC-A072-0DC1CE0E1DA3}.Release|x86.ActiveCfg = Release|x86
		{AF32E163-C577-4CBC-A072-0DC1CE0E1DA3}.Release|x86.Build.0 = Release|x86
		{A5876863-7470-41CA-9CB0-D808CD1E18E0}.Debug|Any CPU.ActiveCfg = Debug|Any CPU
		{A5876863-7470-41CA-9CB0-D808CD1E18E0}.Debug|Any CPU.Build.0 = Debug|Any CPU
		{A5876863-7470-41CA-9CB0-D808CD1E18E0}.Debug|x64.ActiveCfg = Debug|x64
		{A5876863-7470-41CA-9CB0-D808CD1E18E0}.Debug|x64.Build.0 = Debug|x64
		{A5876863-7470-41CA-9CB0-D808CD1E18E0}.Debug|x86.ActiveCfg = Debug|x86
		{A5876863-7470-41CA-9CB0-D808CD1E18E0}.Debug|x86.Build.0 = Debug|x86
		{A5876863-7470-41CA-9CB0-D808CD1E18E0}.Release|Any CPU.ActiveCfg = Release|Any CPU
		{A5876863-7470-41CA-9CB0-D808CD1E18E0}.Release|Any CPU.Build.0 = Release|Any CPU
		{A5876863-7470-41CA-9CB0-D808CD1E18E0}.Release|x64.ActiveCfg = Release|x64
		{A5876863-7470-41CA-9CB0-D808CD1E18E0}.Release|x64.Build.0 = Release|x64
		{A5876863-7470-41CA-9CB0-D808CD1E18E0}.Release|x86.ActiveCfg = Release|x86
		{A5876863-7470-41CA-9CB0-D808CD1E18E0}.Release|x86.Build.0 = Release|x86
		{AFAC58A2-B96F-4C73-9361-36487A007AB6}.Debug|Any CPU.ActiveCfg = Debug|Any CPU
		{AFAC58A2-B96F-4C73-9361-36487A007AB6}.Debug|Any CPU.Build.0 = Debug|Any CPU
		{AFAC58A2-B96F-4C73-9361-36487A007AB6}.Debug|x64.ActiveCfg = Debug|x64
		{AFAC58A2-B96F-4C73-9361-36487A007AB6}.Debug|x64.Build.0 = Debug|x64
		{AFAC58A2-B96F-4C73-9361-36487A007AB6}.Debug|x86.ActiveCfg = Debug|x86
		{AFAC58A2-B96F-4C73-9361-36487A007AB6}.Debug|x86.Build.0 = Debug|x86
		{AFAC58A2-B96F-4C73-9361-36487A007AB6}.Release|Any CPU.ActiveCfg = Release|Any CPU
		{AFAC58A2-B96F-4C73-9361-36487A007AB6}.Release|Any CPU.Build.0 = Release|Any CPU
		{AFAC58A2-B96F-4C73-9361-36487A007AB6}.Release|x64.ActiveCfg = Release|x64
		{AFAC58A2-B96F-4C73-9361-36487A007AB6}.Release|x64.Build.0 = Release|x64
		{AFAC58A2-B96F-4C73-9361-36487A007AB6}.Release|x86.ActiveCfg = Release|x86
		{AFAC58A2-B96F-4C73-9361-36487A007AB6}.Release|x86.Build.0 = Release|x86
		{1234C10D-A4E0-4FBD-83D5-BFA773B4324C}.Debug|Any CPU.ActiveCfg = Debug|Any CPU
		{1234C10D-A4E0-4FBD-83D5-BFA773B4324C}.Debug|Any CPU.Build.0 = Debug|Any CPU
		{1234C10D-A4E0-4FBD-83D5-BFA773B4324C}.Debug|x64.ActiveCfg = Debug|x64
		{1234C10D-A4E0-4FBD-83D5-BFA773B4324C}.Debug|x64.Build.0 = Debug|x64
		{1234C10D-A4E0-4FBD-83D5-BFA773B4324C}.Debug|x86.ActiveCfg = Debug|x86
		{1234C10D-A4E0-4FBD-83D5-BFA773B4324C}.Debug|x86.Build.0 = Debug|x86
		{1234C10D-A4E0-4FBD-83D5-BFA773B4324C}.Release|Any CPU.ActiveCfg = Release|Any CPU
		{1234C10D-A4E0-4FBD-83D5-BFA773B4324C}.Release|Any CPU.Build.0 = Release|Any CPU
		{1234C10D-A4E0-4FBD-83D5-BFA773B4324C}.Release|x64.ActiveCfg = Release|x64
		{1234C10D-A4E0-4FBD-83D5-BFA773B4324C}.Release|x64.Build.0 = Release|x64
		{1234C10D-A4E0-4FBD-83D5-BFA773B4324C}.Release|x86.ActiveCfg = Release|x86
		{1234C10D-A4E0-4FBD-83D5-BFA773B4324C}.Release|x86.Build.0 = Release|x86
		{0FAC3B2B-89CF-40B9-9014-377F3CFEF1F1}.Debug|Any CPU.ActiveCfg = Debug|Any CPU
		{0FAC3B2B-89CF-40B9-9014-377F3CFEF1F1}.Debug|Any CPU.Build.0 = Debug|Any CPU
		{0FAC3B2B-89CF-40B9-9014-377F3CFEF1F1}.Debug|x64.ActiveCfg = Debug|x64
		{0FAC3B2B-89CF-40B9-9014-377F3CFEF1F1}.Debug|x64.Build.0 = Debug|x64
		{0FAC3B2B-89CF-40B9-9014-377F3CFEF1F1}.Debug|x86.ActiveCfg = Debug|x86
		{0FAC3B2B-89CF-40B9-9014-377F3CFEF1F1}.Debug|x86.Build.0 = Debug|x86
		{0FAC3B2B-89CF-40B9-9014-377F3CFEF1F1}.Release|Any CPU.ActiveCfg = Release|Any CPU
		{0FAC3B2B-89CF-40B9-9014-377F3CFEF1F1}.Release|Any CPU.Build.0 = Release|Any CPU
		{0FAC3B2B-89CF-40B9-9014-377F3CFEF1F1}.Release|x64.ActiveCfg = Release|x64
		{0FAC3B2B-89CF-40B9-9014-377F3CFEF1F1}.Release|x64.Build.0 = Release|x64
		{0FAC3B2B-89CF-40B9-9014-377F3CFEF1F1}.Release|x86.ActiveCfg = Release|x86
		{0FAC3B2B-89CF-40B9-9014-377F3CFEF1F1}.Release|x86.Build.0 = Release|x86
	EndGlobalSection
	GlobalSection(SolutionProperties) = preSolution
		HideSolutionNode = FALSE
	EndGlobalSection
	GlobalSection(NestedProjects) = preSolution
		{DDBEB638-2007-4988-82FB-30A90CE167BD} = {709907E9-DDD3-4FFB-9917-807EE289CD31}
		{0945DC48-DD05-4439-A396-13BF54C9725A} = {96EA2233-DEB4-40C0-B06B-004577F05377}
		{AF32E163-C577-4CBC-A072-0DC1CE0E1DA3} = {96EA2233-DEB4-40C0-B06B-004577F05377}
		{A5876863-7470-41CA-9CB0-D808CD1E18E0} = {45F0807D-639E-42A7-88E6-2220E75AB976}
		{AFAC58A2-B96F-4C73-9361-36487A007AB6} = {45F0807D-639E-42A7-88E6-2220E75AB976}
		{1234C10D-A4E0-4FBD-83D5-BFA773B4324C} = {45F0807D-639E-42A7-88E6-2220E75AB976}
		{0FAC3B2B-89CF-40B9-9014-377F3CFEF1F1} = {45F0807D-639E-42A7-88E6-2220E75AB976}
	EndGlobalSection
	GlobalSection(ExtensibilityGlobals) = postSolution
		SolutionGuid = {D865D4CF-54E7-476D-9700-B10152C8F333}
	EndGlobalSection
	GlobalSection(SubversionScc) = preSolution
		Svn-Managed = True
		Manager = AnkhSVN2019 - Subversion Support for Visual Studio
	EndGlobalSection
EndGlobal
